// !$*UTF8*$!
{
	archiveVersion = 1;
	classes = {
	};
	objectVersion = 50;
	objects = {

/* Begin PBXBuildFile section */
		843F85BF23ED4E9200F4761F /* AppDelegate.swift in Sources */ = {isa = PBXBuildFile; fileRef = 843F85BE23ED4E9200F4761F /* AppDelegate.swift */; };
		843F85C123ED4E9200F4761F /* SceneDelegate.swift in Sources */ = {isa = PBXBuildFile; fileRef = 843F85C023ED4E9200F4761F /* SceneDelegate.swift */; };
		843F85C323ED4E9200F4761F /* ViewController.swift in Sources */ = {isa = PBXBuildFile; fileRef = 843F85C223ED4E9200F4761F /* ViewController.swift */; };
		843F85C623ED4E9200F4761F /* Main.storyboard in Resources */ = {isa = PBXBuildFile; fileRef = 843F85C423ED4E9200F4761F /* Main.storyboard */; };
		843F85C823ED4E9600F4761F /* Assets.xcassets in Resources */ = {isa = PBXBuildFile; fileRef = 843F85C723ED4E9600F4761F /* Assets.xcassets */; };
		843F85CB23ED4E9600F4761F /* LaunchScreen.storyboard in Resources */ = {isa = PBXBuildFile; fileRef = 843F85C923ED4E9600F4761F /* LaunchScreen.storyboard */; };
/* End PBXBuildFile section */

/* Begin PBXFileReference section */
		843F85BB23ED4E9200F4761F /* HelloWorldInClass.app */ = {isa = PBXFileReference; explicitFileType = wrapper.application; includeInIndex = 0; path = HelloWorldInClass.app; sourceTree = BUILT_PRODUCTS_DIR; };
		843F85BE23ED4E9200F4761F /* AppDelegate.swift */ = {isa = PBXFileReference; lastKnownFileType = sourcecode.swift; path = AppDelegate.swift; sourceTree = "<group>"; };
		843F85C023ED4E9200F4761F /* SceneDelegate.swift */ = {isa = PBXFileReference; lastKnownFileType = sourcecode.swift; path = SceneDelegate.swift; sourceTree = "<group>"; };
		843F85C223ED4E9200F4761F /* ViewController.swift */ = {isa = PBXFileReference; lastKnownFileType = sourcecode.swift; path = ViewController.swift; sourceTree = "<group>"; };
		843F85C523ED4E9200F4761F /* Base */ = {isa = PBXFileReference; lastKnownFileType = file.storyboard; name = Base; path = Base.lproj/Main.storyboard; sourceTree = "<group>"; };
		843F85C723ED4E9600F4761F /* Assets.xcassets */ = {isa = PBXFileReference; lastKnownFileType = folder.assetcatalog; path = Assets.xcassets; sourceTree = "<group>"; };
		843F85CA23ED4E9600F4761F /* Base */ = {isa = PBXFileReference; lastKnownFileType = file.storyboard; name = Base; path = Base.lproj/LaunchScreen.storyboard; sourceTree = "<group>"; };
		843F85CC23ED4E9600F4761F /* Info.plist */ = {isa = PBXFileReference; lastKnownFileType = text.plist.xml; path = Info.plist; sourceTree = "<group>"; };
/* End PBXFileReference section */

/* Begin PBXFrameworksBuildPhase section */
		843F85B823ED4E9200F4761F /* Frameworks */ = {
			isa = PBXFrameworksBuildPhase;
			buildActionMask = 2147483647;
			files = (
			);
			runOnlyForDeploymentPostprocessing = 0;
		};
/* End PBXFrameworksBuildPhase section */

/* Begin PBXGroup section */
		843F85B223ED4E9200F4761F = {
			isa = PBXGroup;
			children = (
				843F85BD23ED4E9200F4761F /* HelloWorldInClass */,
				843F85BC23ED4E9200F4761F /* Products */,
			);
			sourceTree = "<group>";
		};
		843F85BC23ED4E9200F4761F /* Products */ = {
			isa = PBXGroup;
			children = (
				843F85BB23ED4E9200F4761F /* HelloWorldInClass.app */,
			);
			name = Products;
			sourceTree = "<group>";
		};
		843F85BD23ED4E9200F4761F /* HelloWorldInClass */ = {
			isa = PBXGroup;
			children = (
				843F85BE23ED4E9200F4761F /* AppDelegate.swift */,
				843F85C023ED4E9200F4761F /* SceneDelegate.swift */,
				843F85C223ED4E9200F4761F /* ViewController.swift */,
				843F85C423ED4E9200F4761F /* Main.storyboard */,
				843F85C723ED4E9600F4761F /* Assets.xcassets */,
				843F85C923ED4E9600F4761F /* LaunchScreen.storyboard */,
				843F85CC23ED4E9600F4761F /* Info.plist */,
			);
			path = HelloWorldInClass;
			sourceTree = "<group>";
		};
/* End PBXGroup section */

/* Begin PBXNativeTarget section */
		843F85BA23ED4E9200F4761F /* HelloWorldInClass */ = {
			isa = PBXNativeTarget;
			buildConfigurationList = 843F85CF23ED4E9600F4761F /* Build configuration list for PBXNativeTarget "HelloWorldInClass" */;
			buildPhases = (
				843F85B723ED4E9200F4761F /* Sources */,
				843F85B823ED4E9200F4761F /* Frameworks */,
				843F85B923ED4E9200F4761F /* Resources */,
			);
			buildRules = (
			);
			dependencies = (
			);
			name = HelloWorldInClass;
			productName = HelloWorldInClass;
			productReference = 843F85BB23ED4E9200F4761F /* HelloWorldInClass.app */;
			productType = "com.apple.product-type.application";
		};
/* End PBXNativeTarget section */

/* Begin PBXProject section */
		843F85B323ED4E9200F4761F /* Project object */ = {
			isa = PBXProject;
			attributes = {
				LastSwiftUpdateCheck = 1130;
				LastUpgradeCheck = 1130;
				ORGANIZATIONNAME = admin;
				TargetAttributes = {
					843F85BA23ED4E9200F4761F = {
						CreatedOnToolsVersion = 11.3.1;
					};
				};
			};
			buildConfigurationList = 843F85B623ED4E9200F4761F /* Build configuration list for PBXProject "HelloWorldInClass" */;
			compatibilityVersion = "Xcode 9.3";
			developmentRegion = en;
			hasScannedForEncodings = 0;
			knownRegions = (
				en,
				Base,
			);
			mainGroup = 843F85B223ED4E9200F4761F;
			productRefGroup = 843F85BC23ED4E9200F4761F /* Products */;
			projectDirPath = "";
			projectRoot = "";
			targets = (
				843F85BA23ED4E9200F4761F /* HelloWorldInClass */,
			);
		};
/* End PBXProject section */

/* Begin PBXResourcesBuildPhase section */
		843F85B923ED4E9200F4761F /* Resources */ = {
			isa = PBXResourcesBuildPhase;
			buildActionMask = 2147483647;
			files = (
				843F85CB23ED4E9600F4761F /* LaunchScreen.storyboard in Resources */,
				843F85C823ED4E9600F4761F /* Assets.xcassets in Resources */,
				843F85C623ED4E9200F4761F /* Main.storyboard in Resources */,
			);
			runOnlyForDeploymentPostprocessing = 0;
		};
/* End PBXResourcesBuildPhase section */

/* Begin PBXSourcesBuildPhase section */
		843F85B723ED4E9200F4761F /* Sources */ = {
			isa = PBXSourcesBuildPhase;
			buildActionMask = 2147483647;
			files = (
				843F85C323ED4E9200F4761F /* ViewController.swift in Sources */,
				843F85BF23ED4E9200F4761F /* AppDelegate.swift in Sources */,
				843F85C123ED4E9200F4761F /* SceneDelegate.swift in Sources */,
			);
			runOnlyForDeploymentPostprocessing = 0;
		};
/* End PBXSourcesBuildPhase section */

/* Begin PBXVariantGroup section */
		843F85C423ED4E9200F4761F /* Main.storyboard */ = {
			isa = PBXVariantGroup;
			children = (
				843F85C523ED4E9200F4761F /* Base */,
			);
			name = Main.storyboard;
			sourceTree = "<group>";
		};
		843F85C923ED4E9600F4761F /* LaunchScreen.storyboard */ = {
			isa = PBXVariantGroup;
			children = (
				843F85CA23ED4E9600F4761F /* Base */,
			);
			name = LaunchScreen.storyboard;
			sourceTree = "<group>";
		};
/* End PBXVariantGroup section */

/* Begin XCBuildConfiguration section */
		843F85CD23ED4E9600F4761F /* Debug */ = {
			isa = XCBuildConfiguration;
			buildSettings = {
				ALWAYS_SEARCH_USER_PATHS = NO;
				CLANG_ANALYZER_NONNULL = YES;
				CLANG_ANALYZER_NUMBER_OBJECT_CONVERSION = YES_AGGRESSIVE;
				CLANG_CXX_LANGUAGE_STANDARD = "gnu++14";
				CLANG_CXX_LIBRARY = "libc++";
				CLANG_ENABLE_MODULES = YES;
				CLANG_ENABLE_OBJC_ARC = YES;
				CLANG_ENABLE_OBJC_WEAK = YES;
				CLANG_WARN_BLOCK_CAPTURE_AUTORELEASING = YES;
				CLANG_WARN_BOOL_CONVERSION = YES;
				CLANG_WARN_COMMA = YES;
				CLANG_WARN_CONSTANT_CONVERSION = YES;
				CLANG_WARN_DEPRECATED_OBJC_IMPLEMENTATIONS = YES;
				CLANG_WARN_DIRECT_OBJC_ISA_USAGE = YES_ERROR;
				CLANG_WARN_DOCUMENTATION_COMMENTS = YES;
				CLANG_WARN_EMPTY_BODY = YES;
				CLANG_WARN_ENUM_CONVERSION = YES;
				CLANG_WARN_INFINITE_RECURSION = YES;
				CLANG_WARN_INT_CONVERSION = YES;
				CLANG_WARN_NON_LITERAL_NULL_CONVERSION = YES;
				CLANG_WARN_OBJC_IMPLICIT_RETAIN_SELF = YES;
				CLANG_WARN_OBJC_LITERAL_CONVERSION = YES;
				CLANG_WARN_OBJC_ROOT_CLASS = YES_ERROR;
				CLANG_WARN_RANGE_LOOP_ANALYSIS = YES;
				CLANG_WARN_STRICT_PROTOTYPES = YES;
				CLANG_WARN_SUSPICIOUS_MOVE = YES;
				CLANG_WARN_UNGUARDED_AVAILABILITY = YES_AGGRESSIVE;
				CLANG_WARN_UNREACHABLE_CODE = YES;
				CLANG_WARN__DUPLICATE_METHOD_MATCH = YES;
				COPY_PHASE_STRIP = NO;
				DEBUG_INFORMATION_FORMAT = dwarf;
				ENABLE_STRICT_OBJC_MSGSEND = YES;
				ENABLE_TESTABILITY = YES;
				GCC_C_LANGUAGE_STANDARD = gnu11;
				GCC_DYNAMIC_NO_PIC = NO;
				GCC_NO_COMMON_BLOCKS = YES;
				GCC_OPTIMIZATION_LEVEL = 0;
				GCC_PREPROCESSOR_DEFINITIONS = (
					"DEBUG=1",
					"$(inherited)",
				);
				GCC_WARN_64_TO_32_BIT_CONVERSION = YES;
				GCC_WARN_ABOUT_RETURN_TYPE = YES_ERROR;
				GCC_WARN_UNDECLARED_SELECTOR = YES;
				GCC_WARN_UNINITIALIZED_AUTOS = YES_AGGRESSIVE;
				GCC_WARN_UNUSED_FUNCTION = YES;
				GCC_WARN_UNUSED_VARIABLE = YES;
				IPHONEOS_DEPLOYMENT_TARGET = 13.2;
				MTL_ENABLE_DEBUG_INFO = INCLUDE_SOURCE;
				MTL_FAST_MATH = YES;
				ONLY_ACTIVE_ARCH = YES;
				SDKROOT = iphoneos;
				SWIFT_ACTIVE_COMPILATION_CONDITIONS = DEBUG;
				SWIFT_OPTIMIZATION_LEVEL = "-Onone";
			};
			name = Debug;
		};
		843F85CE23ED4E9600F4761F /* Release */ = {
			isa = XCBuildConfiguration;
			buildSettings = {
				ALWAYS_SEARCH_USER_PATHS = NO;
				CLANG_ANALYZER_NONNULL = YES;
				CLANG_ANALYZER_NUMBER_OBJECT_CONVERSION = YES_AGGRESSIVE;
				CLANG_CXX_LANGUAGE_STANDARD = "gnu++14";
				CLANG_CXX_LIBRARY = "libc++";
				CLANG_ENABLE_MODULES = YES;
				CLANG_ENABLE_OBJC_ARC = YES;
				CLANG_ENABLE_OBJC_WEAK = YES;
				CLANG_WARN_BLOCK_CAPTURE_AUTORELEASING = YES;
				CLANG_WARN_BOOL_CONVERSION = YES;
				CLANG_WARN_COMMA = YES;
				CLANG_WARN_CONSTANT_CONVERSION = YES;
				CLANG_WARN_DEPRECATED_OBJC_IMPLEMENTATIONS = YES;
				CLANG_WARN_DIRECT_OBJC_ISA_USAGE = YES_ERROR;
				CLANG_WARN_DOCUMENTATION_COMMENTS = YES;
				CLANG_WARN_EMPTY_BODY = YES;
				CLANG_WARN_ENUM_CONVERSION = YES;
				CLANG_WARN_INFINITE_RECURSION = YES;
				CLANG_WARN_INT_CONVERSION = YES;
				CLANG_WARN_NON_LITERAL_NULL_CONVERSION = YES;
				CLANG_WARN_OBJC_IMPLICIT_RETAIN_SELF = YES;
				CLANG_WARN_OBJC_LITERAL_CONVERSION = YES;
				CLANG_WARN_OBJC_ROOT_CLASS = YES_ERROR;
				CLANG_WARN_RANGE_LOOP_ANALYSIS = YES;
				CLANG_WARN_STRICT_PROTOTYPES = YES;
				CLANG_WARN_SUSPICIOUS_MOVE = YES;
				CLANG_WARN_UNGUARDED_AVAILABILITY = YES_AGGRESSIVE;
				CLANG_WARN_UNREACHABLE_CODE = YES;
				CLANG_WARN__DUPLICATE_METHOD_MATCH = YES;
				COPY_PHASE_STRIP = NO;
				DEBUG_INFORMATION_FORMAT = "dwarf-with-dsym";
				ENABLE_NS_ASSERTIONS = NO;
				ENABLE_STRICT_OBJC_MSGSEND = YES;
				GCC_C_LANGUAGE_STANDARD = gnu11;
				GCC_NO_COMMON_BLOCKS = YES;
				GCC_WARN_64_TO_32_BIT_CONVERSION = YES;
				GCC_WARN_ABOUT_RETURN_TYPE = YES_ERROR;
				GCC_WARN_UNDECLARED_SELECTOR = YES;
				GCC_WARN_UNINITIALIZED_AUTOS = YES_AGGRESSIVE;
				GCC_WARN_UNUSED_FUNCTION = YES;
				GCC_WARN_UNUSED_VARIABLE = YES;
				IPHONEOS_DEPLOYMENT_TARGET = 13.2;
				MTL_ENABLE_DEBUG_INFO = NO;
				MTL_FAST_MATH = YES;
				SDKROOT = iphoneos;
				SWIFT_COMPILATION_MODE = wholemodule;
				SWIFT_OPTIMIZATION_LEVEL = "-O";
				VALIDATE_PRODUCT = YES;
			};
			name = Release;
		};
		843F85D023ED4E9600F4761F /* Debug */ = {
			isa = XCBuildConfiguration;
			buildSettings = {
				ASSETCATALOG_COMPILER_APPICON_NAME = AppIcon;
				CODE_SIGN_STYLE = Automatic;
				DEVELOPMENT_TEAM = X5LSY7DAWW;
				INFOPLIST_FILE = HelloWorldInClass/Info.plist;
				LD_RUNPATH_SEARCH_PATHS = (
					"$(inherited)",
					"@executable_path/Frameworks",
				);
				PRODUCT_BUNDLE_IDENTIFIER = KEA.HelloWorldInClass;
				PRODUCT_NAME = "$(TARGET_NAME)";
				SWIFT_VERSION = 5.0;
				TARGETED_DEVICE_FAMILY = "1,2";
			};
			name = Debug;
		};
		843F85D123ED4E9600F4761F /* Release */ = {
			isa = XCBuildConfiguration;
			buildSettings = {
				ASSETCATALOG_COMPILER_APPICON_NAME = AppIcon;
				CODE_SIGN_STYLE = Automatic;
				DEVELOPMENT_TEAM = X5LSY7DAWW;
				INFOPLIST_FILE = HelloWorldInClass/Info.plist;
				LD_RUNPATH_SEARCH_PATHS = (
					"$(inherited)",
					"@executable_path/Frameworks",
				);
				PRODUCT_BUNDLE_IDENTIFIER = KEA.HelloWorldInClass;
				PRODUCT_NAME = "$(TARGET_NAME)";
				SWIFT_VERSION = 5.0;
				TARGETED_DEVICE_FAMILY = "1,2";
			};
			name = Release;
		};
/* End XCBuildConfiguration section */

/* Begin XCConfigurationList section */
		843F85B623ED4E9200F4761F /* Build configuration list for PBXProject "HelloWorldInClass" */ = {
			isa = XCConfigurationList;
			buildConfigurations = (
				843F85CD23ED4E9600F4761F /* Debug */,
				843F85CE23ED4E9600F4761F /* Release */,
			);
			defaultConfigurationIsVisible = 0;
			defaultConfigurationName = Release;
		};
		843F85CF23ED4E9600F4761F /* Build configuration list for PBXNativeTarget "HelloWorldInClass" */ = {
			isa = XCConfigurationList;
			buildConfigurations = (
				843F85D023ED4E9600F4761F /* Debug */,
				843F85D123ED4E9600F4761F /* Release */,
			);
			defaultConfigurationIsVisible = 0;
			defaultConfigurationName = Release;
		};
/* End XCConfigurationList section */
	};
	rootObject = 843F85B323ED4E9200F4761F /* Project object */;
}
